#MicroXplorer Configuration settings - do not modify
Dma.USART2_TX.7.MemInc=DMA_MINC_ENABLE
Dma.ADC3.8.Mode=DMA_CIRCULAR
PCC.Series=STM32F4
PH0-OSC_IN.Locked=true
PB13.GPIOParameters=GPIO_Label
Dma.USART2_TX.7.Priority=DMA_PRIORITY_LOW
PC7.GPIOParameters=GPIO_Label
PH0-OSC_IN.Signal=RCC_OSC_IN
PCC.Seq0.Step4.Vcore=No Scale
USART2.IPParameters=VirtualMode
Dma.USART2_TX.7.FIFOMode=DMA_FIFOMODE_DISABLE
SPI1.VirtualType=VM_MASTER
PB10.GPIO_PuPd=GPIO_NOPULL
ADC2.SamplingTime-1\#ChannelRegularConversion=ADC_SAMPLETIME_112CYCLES
Dma.UART5_TX.5.Priority=DMA_PRIORITY_LOW
PC12.Locked=true
TIM1.IPParameters=Channel-PWM Generation1 CH1,Channel-PWM Generation2 CH2,Period,AutoReloadPreload,BreakState,BreakPolarity,AutomaticOutput,OffStateIDLEMode,OffStateRunMode,LockLevel
PA10.GPIO_PuPd=GPIO_NOPULL
NVIC.DMA1_Stream2_IRQn=true\:0\:0\:false\:false\:true\:false\:true
RCC.PLLCLKFreq_Value=180000000
PC12.Signal=UART5_TX
PB14.GPIO_Label=FSONIC_TRIG
PA14.GPIO_Label=TCK
RCC.PLLQCLKFreq_Value=180000000
PC7.Locked=true
Dma.USART2_RX.6.MemDataAlignment=DMA_MDATAALIGN_BYTE
VP_RTC_VS_RTC_Activate.Mode=RTC_Enabled
PC3.Locked=true
RCC.RTCFreq_Value=32768
PA3.GPIOParameters=GPIO_Label
PA6.GPIO_Label=SD_MISO
PB6.GPIO_Label=SD-CS
PD2.GPIOParameters=GPIO_Label
Dma.UART5_TX.5.FIFOMode=DMA_FIFOMODE_DISABLE
SH.S_TIM1_CH1.ConfNb=1
PB13.Signal=GPIO_Input
RCC.SAIAFreq_Value=48000000
PA2.GPIOParameters=GPIO_Label
PinOutPanel.RotationAngle=0
RCC.SYSCLKSource=RCC_SYSCLKSOURCE_PLLCLK
SH.GPXTI13.0=GPIO_EXTI13
Dma.USART2_RX.6.Direction=DMA_PERIPH_TO_MEMORY
Dma.UART5_RX.4.MemDataAlignment=DMA_MDATAALIGN_BYTE
NVIC.SVCall_IRQn=true\:0\:0\:false\:false\:true\:false\:false
PCC.Seq0.Step1.Oscillator=HSE PLL
PCC.Seq0.Step4.CPU_Frequency=0 Hz
PCC.PartNumber=STM32F446RETx
SH.S_TIM3_CH2.ConfNb=1
SPI1.Direction=SPI_DIRECTION_2LINES
PCC.Seq0.Step2.Voltage_Source=Battery
TIM2.IPParameters=Channel-PWM Generation3 CH3,Period,AutoReloadPreload
RCC.APB2TimFreq_Value=180000000
PB6.Signal=GPIO_Output
PCC.Seq0.Step3.Oscillator=HSE PLL
PC7.Signal=GPIO_Output
TIM1.AutomaticOutput=TIM_AUTOMATICOUTPUT_DISABLE
PCC.Seq0.Step1.TaMax=96.78
SPI1.CalculateBaudRate=2.8125 MBits/s
PC3.Signal=GPIO_Output
Dma.USART2_RX.6.Instance=DMA1_Stream5
ADC3.ScanConvMode=ENABLE
Dma.USART2_RX.6.RequestParameters=Instance,Direction,PeriphInc,MemInc,PeriphDataAlignment,MemDataAlignment,Mode,Priority,FIFOMode
VP_TIM2_VS_ClockSourceINT.Signal=TIM2_VS_ClockSourceINT
PCC.Seq0.Step1.Category=In DS Table
PB13.Locked=true
PCC.Seq0.Step3.Memory=RAM/FLASH/REGON/ART/PREFETCH
Dma.UART4_TX.1.FIFOMode=DMA_FIFOMODE_DISABLE
ProjectManager.ProjectBuild=false
NVIC.UsageFault_IRQn=true\:0\:0\:false\:false\:true\:true\:false
Dma.ADC2.3.MemDataAlignment=DMA_MDATAALIGN_HALFWORD
PCC.Seq0.Step1.Vdd=3.3
PB2.Signal=GPIO_Input
PB3.Mode=Trace_Asynchronous_SW
PA8.Locked=true
TIM1.LockLevel=TIM_LOCKLEVEL_OFF
PCC.Seq0.Step0.Voltage_Source=Battery
ProjectManager.FirmwarePackage=STM32Cube FW_F4 V1.26.0
MxDb.Version=DB.6.0.20
PA1.GPIOParameters=GPIO_Label
PB10.GPIO_ModeDefaultPP=GPIO_MODE_AF_PP
Dma.ADC1.2.MemDataAlignment=DMA_MDATAALIGN_HALFWORD
ProjectManager.BackupPrevious=true
PCC.Seq0.Step2.Vdd=3.3
PCC.Seq0.Step3.DMIPS=225.0
TIM1.Channel-PWM\ Generation1\ CH1=TIM_CHANNEL_1
PCC.Seq0.Step3.Voltage_Source=Battery
Dma.UART5_RX.4.Direction=DMA_PERIPH_TO_MEMORY
Dma.UART5_TX.5.Instance=DMA1_Stream7
PB1.GPIO_Label=TSONIC_TRIG
ADC3.ContinuousConvMode=ENABLE
PH1-OSC_OUT.Locked=true
Dma.ADC3.8.PeriphDataAlignment=DMA_PDATAALIGN_HALFWORD
ADC3.IPParameters=Rank-0\#ChannelRegularConversion,ClockPrescaler,Channel-0\#ChannelRegularConversion,SamplingTime-0\#ChannelRegularConversion,NbrOfConversionFlag,ScanConvMode,ContinuousConvMode,EOCSelection,Rank-1\#ChannelRegularConversion,Channel-1\#ChannelRegularConversion,SamplingTime-1\#ChannelRegularConversion,NbrOfConversion,DMAContinuousRequests
Dma.ADC1.2.Direction=DMA_PERIPH_TO_MEMORY
SH.ADCx_IN11.ConfNb=2
PCC.Seq0.Step2.User's_Consumption=0 mA
PA8.Signal=S_TIM1_CH1
RCC.PLLRCLKFreq_Value=180000000
Dma.UART4_RX.0.PeriphDataAlignment=DMA_PDATAALIGN_BYTE
PB6.Locked=true
NVIC.PendSV_IRQn=true\:0\:0\:false\:false\:true\:false\:false
PCC.Seq0.Step3.TaMax=98.02
RCC.PLLI2SoutputFreq_Value=48000000
ProjectManager.HalAssertFull=false
VP_TIM1_VS_ClockSourceINT.Mode=Internal
PCC.Seq0.Step2.Mode=STOP_UDM (Under Drive)
RCC.MCO2PinFreq_Value=180000000
Mcu.Package=LQFP64
PB9.Signal=I2C1_SDA
PB1.Signal=GPIO_Output
PB14.GPIO_PuPd=GPIO_NOPULL
PA5.Locked=true
RCC.I2S2Freq_Value=48000000
PCC.Seq0.Step3.CPU_Frequency=180 MHz
PA14.Locked=true
PB6.GPIO_ModeDefaultOutputPP=GPIO_MODE_OUTPUT_PP
PCC.Seq0.Step1.Average_Current=54.17 mA
VP_SYS_VS_Systick.Signal=SYS_VS_Systick
ADC3.Rank-0\#ChannelRegularConversion=1
ADC2.Channel-1\#ChannelRegularConversion=ADC_CHANNEL_11
PA10.Signal=GPIO_Output
VP_RTC_VS_RTC_Calendar.Mode=RTC_Calendar
PCC.Seq0.Step4.Average_Current=55 \u00B5A
PA5.GPIOParameters=GPIO_Label
PCC.Seq0.Step2.Category=In DS Table
PB14.GPIOParameters=GPIO_PuPd,GPIO_Label,GPIO_ModeDefaultOutputPP
PCC.Seq0.Step3.Duration=0.1 ms
PB5.GPIO_Speed=GPIO_SPEED_FREQ_MEDIUM
Dma.USART2_TX.7.PeriphDataAlignment=DMA_PDATAALIGN_BYTE
ADC3.DMAContinuousRequests=ENABLE
RCC.APB2CLKDivider=RCC_HCLK_DIV2
PCC.Seq0.Step1.DMIPS=225.0
NVIC.DMA2_Stream2_IRQn=true\:0\:0\:false\:false\:true\:false\:true
RCC.CECFreq_Value=32786.88524590164
RCC.APB1TimFreq_Value=180000000
NVIC.BusFault_IRQn=true\:0\:0\:false\:false\:true\:true\:false
TIM3.Pulse-PWM\ Generation2\ CH2=3000
PCC.Seq0.Step4.Frequency=0 Hz
TIM1.Period=2047
PB10.GPIOParameters=GPIO_ModeDefaultPP,GPIO_Speed,GPIO_PuPd,GPIO_Label
NVIC.DMA1_Stream6_IRQn=true\:0\:0\:false\:false\:true\:false\:true
PA8.GPIO_Speed=GPIO_SPEED_FREQ_MEDIUM
Dma.USART2_TX.7.Instance=DMA1_Stream6
ProjectManager.CustomerFirmwarePackage=
RCC.PLLSAIQCLKFreq_Value=48000000
Dma.ADC1.2.Mode=DMA_CIRCULAR
NVIC.UART4_IRQn=true\:0\:0\:false\:false\:true\:true\:true
PA5.Mode=Full_Duplex_Master
PA6.GPIOParameters=GPIO_Label
Dma.UART4_RX.0.MemInc=DMA_MINC_ENABLE
PCC.Seq0.Step0.Category=In DS Table
ProjectManager.ProjectFileName=MCU.Unirecon.Ecliptar.Vcs.ioc
Dma.ADC2.3.PeriphDataAlignment=DMA_PDATAALIGN_HALFWORD
Mcu.PinsNb=41
TIM3.AutoReloadPreload=TIM_AUTORELOAD_PRELOAD_ENABLE
ADC1.IPParameters=Rank-1\#ChannelRegularConversion,master,Channel-1\#ChannelRegularConversion,SamplingTime-1\#ChannelRegularConversion,NbrOfConversionFlag,ClockPrescaler,DMAContinuousRequests,ContinuousConvMode
PC13.Locked=true
PC13.Signal=GPXTI13
PA9.GPIO_Label=RECTOR_EMP
PCC.Seq0.Step3.Vdd=3.3
PCC.Seq0.Step4.User's_Consumption=0 mA
PB6.GPIO_PuPd=GPIO_NOPULL
Dma.UART4_RX.0.Mode=DMA_CIRCULAR
NVIC.DMA2_Stream1_IRQn=true\:0\:0\:false\:false\:true\:false\:true
Dma.ADC2.3.Priority=DMA_PRIORITY_LOW
UART5.VirtualMode=Asynchronous
PCC.Line=STM32F446
PC0.Signal=ADCx_IN10
PB14.Locked=true
Dma.UART5_RX.4.MemInc=DMA_MINC_ENABLE
RCC.APB1CLKDivider=RCC_HCLK_DIV4
UART4.VirtualMode=Asynchronous
PC14-OSC32_IN.Signal=RCC_OSC32_IN
Dma.USART2_RX.6.PeriphInc=DMA_PINC_DISABLE
PA0-WKUP.GPIO_Label=WIFI_TX
PA0-WKUP.Signal=UART4_TX
Dma.USART2_RX.6.FIFOMode=DMA_FIFOMODE_DISABLE
PC3.GPIOParameters=GPIO_Label
PA0-WKUP.Mode=Asynchronous
PA3.Mode=Asynchronous
Dma.USART2_RX.6.MemInc=DMA_MINC_ENABLE
TIM1.AutoReloadPreload=TIM_AUTORELOAD_PRELOAD_ENABLE
PCC.MCU=STM32F446R(C-E)Tx
Dma.ADC1.2.MemInc=DMA_MINC_ENABLE
Dma.USART2_RX.6.Mode=DMA_CIRCULAR
PA8.GPIO_Label=LECTOR_EMP
PC15-OSC32_OUT.Locked=true
TIM3.Pulse-PWM\ Generation1\ CH1=3000
ADC2.ContinuousConvMode=ENABLE
Dma.UART4_TX.1.Instance=DMA1_Stream4
VP_CRC_VS_CRC.Signal=CRC_VS_CRC
ADC2.IPParameters=Rank-1\#ChannelRegularConversion,Channel-1\#ChannelRegularConversion,SamplingTime-1\#ChannelRegularConversion,NbrOfConversionFlag,ClockPrescaler,ContinuousConvMode,DMAContinuousRequests
PA9.Signal=S_TIM1_CH2
RCC.HSE_Timout=100
VP_TIM1_VS_ClockSourceINT.Signal=TIM1_VS_ClockSourceINT
TIM1.Channel-PWM\ Generation2\ CH2=TIM_CHANNEL_2
PB5.Locked=true
PB9.Locked=true
Dma.ADC1.2.RequestParameters=Instance,Direction,PeriphInc,MemInc,PeriphDataAlignment,MemDataAlignment,Mode,Priority,FIFOMode
RCC.VCOInputMFreq_Value=1000000
PB4.GPIO_PuPd=GPIO_NOPULL
ADC3.NbrOfConversion=2
Dma.UART4_RX.0.PeriphInc=DMA_PINC_DISABLE
PCC.Seq0.Step4.Oscillator=Regulator_LP Flash-PwrDwn
PCC.Seq0.Step4.Duration=0.9 ms
PB10.Signal=S_TIM2_CH3
PB14.Signal=GPIO_Output
Dma.ADC2.3.Direction=DMA_PERIPH_TO_MEMORY
PA5.Signal=SPI1_SCK
Mcu.Pin40=VP_TIM3_VS_ClockSourceINT
PC12.Mode=Asynchronous
ProjectManager.LastFirmware=false
Dma.UART4_RX.0.FIFOMode=DMA_FIFOMODE_DISABLE
PCC.Seq0.Step3.Category=In DS Table
PA1.Mode=Asynchronous
SPI1.CRCCalculation=SPI_CRCCALCULATION_DISABLE
PCC.Seq0.Step4.Vdd=3.3
PCC.Seq0.Step0.Vcore=Scale1-High
PB4.GPIO_Label=LECTOR_SRV
Mcu.Pin37=VP_SYS_VS_Systick
Mcu.Pin38=VP_TIM1_VS_ClockSourceINT
Mcu.Pin35=VP_RTC_VS_RTC_Activate
Mcu.Pin36=VP_RTC_VS_RTC_Calendar
RCC.PLLI2SPCLKFreq_Value=48000000
SPI1.Mode=SPI_MODE_MASTER
Mcu.Pin39=VP_TIM2_VS_ClockSourceINT
Mcu.Pin30=PB5
PA1.GPIO_Label=WIFI_RX
RCC.EthernetFreq_Value=84000000
Mcu.Pin33=PB9
TIM3.IPParameters=Channel-PWM Generation1 CH1,Channel-PWM Generation2 CH2,Prescaler,Period,AutoReloadPreload,Pulse-PWM Generation2 CH2,Pulse-PWM Generation1 CH1
Mcu.Pin34=VP_CRC_VS_CRC
Mcu.Pin31=PB6
RCC.RCC_RTC_Clock_SourceVirtual=RCC_RTCCLKSOURCE_LSE
Mcu.Pin32=PB8
PA9.Locked=true
NVIC.NonMaskableInt_IRQn=true\:0\:0\:false\:false\:true\:true\:false
Dma.USART2_TX.7.Direction=DMA_MEMORY_TO_PERIPH
SH.S_TIM2_CH3.ConfNb=1
Dma.USART2_TX.7.RequestParameters=Instance,Direction,PeriphInc,MemInc,PeriphDataAlignment,MemDataAlignment,Mode,Priority,FIFOMode
ADC1.DMAContinuousRequests=ENABLE
TIM2.Period=2047
PA13.Mode=Trace_Asynchronous_SW
ProjectManager.FreePins=true
RCC.PLLI2SQCLKFreq_Value=48000000
ADC3.Channel-1\#ChannelRegularConversion=ADC_CHANNEL_11
Mcu.Pin26=PC12
Mcu.Pin27=PD2
RCC.RTCHSEDivFreq_Value=4000000
Mcu.Pin24=PA13
Dma.ADC1.2.Instance=DMA2_Stream0
ProjectManager.UnderRoot=true
Mcu.Pin25=PA14
Mcu.Pin28=PB3
PC7.GPIO_Label=FBEAM
Mcu.Pin29=PB4
PB4.Locked=true
ADC3.Rank-1\#ChannelRegularConversion=2
ADC1.SamplingTime-1\#ChannelRegularConversion=ADC_SAMPLETIME_112CYCLES
PCC.Seq0.Step3.Vcore=Scale1-High
Mcu.Pin22=PA9
PB5.Signal=S_TIM3_CH2
Mcu.Pin23=PA10
PCC.Seq0.Step2.Memory=n/a
Mcu.Pin20=PC7
ADC1.master=1
PA3.Locked=true
Mcu.Pin21=PA8
ADC2.NbrOfConversionFlag=1
PA10.Locked=true
PA5.GPIO_Label=SD_SCK
PCC.Seq0.Step2.Vcore=No Scale
NVIC.ForceEnableDMAVector=true
PA14.GPIOParameters=GPIO_Label
PB5.GPIO_PuPd=GPIO_NOPULL
Dma.UART5_RX.4.Priority=DMA_PRIORITY_LOW
NVIC.MemoryManagement_IRQn=true\:0\:0\:false\:false\:true\:true\:false
PC12.GPIO_Label=IBUS_TX
ProjectManager.CompilerOptimize=6
ADC1.Rank-1\#ChannelRegularConversion=1
ProjectManager.HeapSize=0x200
Mcu.Pin15=PB1
NVIC.HardFault_IRQn=true\:0\:0\:false\:false\:true\:true\:false
ADC3.EOCSelection=ADC_EOC_SINGLE_CONV
Mcu.Pin16=PB2
Dma.ADC1.2.FIFOMode=DMA_FIFOMODE_DISABLE
Mcu.Pin13=PA6
Mcu.Pin14=PA7
Mcu.Pin19=PB14
Dma.UART4_TX.1.RequestParameters=Instance,Direction,PeriphInc,MemInc,PeriphDataAlignment,MemDataAlignment,Mode,Priority,FIFOMode
SH.S_TIM3_CH1.ConfNb=1
ProjectManager.ComputerToolchain=false
Mcu.Pin17=PB10
Mcu.Pin18=PB13
Dma.USART2_TX.7.MemDataAlignment=DMA_MDATAALIGN_BYTE
NVIC.PriorityGroup=NVIC_PRIORITYGROUP_0
Mcu.Pin11=PA3
TIM3.Channel-PWM\ Generation2\ CH2=TIM_CHANNEL_2
Mcu.Pin12=PA5
PB8.Mode=I2C
Mcu.Pin10=PA2
Dma.UART4_RX.0.Instance=DMA1_Stream2
Dma.UART4_TX.1.MemDataAlignment=DMA_MDATAALIGN_BYTE
TIM2.AutoReloadPreload=TIM_AUTORELOAD_PRELOAD_ENABLE
PC3.GPIO_Label=FPV
RCC.PWRFreq_Value=180000000
PCC.Seq0.Step3.Peripherals=
PCC.Seq0.Step1.Vcore=Scale1-High
PCC.Seq0.Step1.Voltage_Source=Battery
PB1.GPIO_ModeDefaultOutputPP=GPIO_MODE_OUTPUT_PP
PD2.Signal=UART5_RX
PCC.Seq0.Step4.Mode=STOP_UDM (Under Drive)
PCC.Seq0=5
PA7.GPIOParameters=GPIO_Label
PC0.Locked=true
PC1.Signal=ADCx_IN11
PD2.GPIO_Label=IBUS_RX
Dma.UART4_TX.1.Direction=DMA_MEMORY_TO_PERIPH
Mcu.Family=STM32F4
PCC.Seq0.Step2.TaMax=104.99
ProjectManager.MainLocation=Core/Src
Dma.UART4_TX.1.PeriphDataAlignment=DMA_PDATAALIGN_BYTE
PA6.Mode=Full_Duplex_Master
RCC.CortexFreq_Value=180000000
ProjectManager.KeepUserCode=true
PCC.Seq0.Step2.Oscillator=Regulator_LP Flash-PwrDwn
Mcu.UserName=STM32F446RETx
PB10.GPIO_Speed=GPIO_SPEED_FREQ_MEDIUM
ADC1.ContinuousConvMode=ENABLE
PCC.Seq0.Step0.CPU_Frequency=180 MHz
PCC.Seq0.Step0.User's_Consumption=0 mA
Dma.UART5_TX.5.RequestParameters=Instance,Direction,PeriphInc,MemInc,PeriphDataAlignment,MemDataAlignment,Mode,Priority,FIFOMode
ProjectManager.functionlistsort=1-MX_GPIO_Init-GPIO-false-HAL-false,2-MX_DMA_Init-DMA-false-HAL-false,3-SystemClock_Config-RCC-false-HAL-false,4-MX_USART2_UART_Init-USART2-false-HAL-false,5-MX_SPI1_Init-SPI1-false-HAL-false,6-MX_TIM1_Init-TIM1-false-HAL-false,7-MX_TIM2_Init-TIM2-false-HAL-false,8-MX_TIM3_Init-TIM3-false-HAL-false,9-MX_UART5_Init-UART5-false-HAL-false,10-MX_I2C1_Init-I2C1-false-HAL-false,11-MX_CRC_Init-CRC-false-HAL-false,12-MX_UART4_Init-UART4-false-HAL-false,13-MX_ADC1_Init-ADC1-false-HAL-false,14-MX_ADC2_Init-ADC2-false-HAL-false,15-MX_RTC_Init-RTC-false-HAL-false,16-MX_ADC3_Init-ADC3-false-HAL-false
PC0.GPIOParameters=GPIO_Label
PA9.GPIOParameters=GPIO_Speed,GPIO_Label
PC0.GPIO_Label=LECTOR_HS
RCC.PLLI2SRCLKFreq_Value=48000000
PD2.Locked=true
VP_RTC_VS_RTC_Calendar.Signal=RTC_VS_RTC_Calendar
PCC.Seq0.Step1.Duration=0.1 ms
PC13.GPIO_Label=B1 [Blue PushButton]
PC1.Locked=true
PB13.GPIO_Label=FSONIC_ECHO
NVIC.DMA1_Stream4_IRQn=true\:0\:0\:false\:false\:true\:false\:true
ADC3.Channel-0\#ChannelRegularConversion=ADC_CHANNEL_10
ProjectManager.StackSize=0x400
PB5.GPIOParameters=GPIO_ModeDefaultPP,GPIO_Speed,GPIO_PuPd,GPIO_Label
NVIC.UART5_IRQn=true\:0\:0\:false\:false\:true\:true\:true
Mcu.IP4=DMA
Mcu.IP5=I2C1
RCC.FCLKCortexFreq_Value=180000000
Mcu.IP2=ADC3
NVIC.ADC_IRQn=true\:0\:0\:false\:false\:true\:true\:true
Mcu.IP3=CRC
PB4.GPIOParameters=GPIO_ModeDefaultPP,GPIO_Speed,GPIO_PuPd,GPIO_Label
Mcu.IP0=ADC1
Mcu.IP1=ADC2
Mcu.UserConstants=
ADC2.DMAContinuousRequests=ENABLE
PC1.GPIOParameters=GPIO_Label
SH.GPXTI13.ConfNb=1
Mcu.ThirdPartyNb=0
Dma.USART2_TX.7.PeriphInc=DMA_PINC_DISABLE
RCC.SDIOFreq_Value=180000000
PB1.GPIO_PuPd=GPIO_NOPULL
PCC.Seq0.Step3.User's_Consumption=0 mA
RCC.HCLKFreq_Value=180000000
Mcu.IPNb=17
RCC.I2SClocksFreq_Value=96000000
ProjectManager.PreviousToolchain=
TIM3.Period=39999
RCC.SPDIFRXFreq_Value=180000000
RCC.VcooutputI2S=96000000
Dma.ADC2.3.PeriphInc=DMA_PINC_DISABLE
PA8.GPIOParameters=GPIO_Speed,GPIO_Label
Mcu.Pin6=PC1
Mcu.Pin7=PC3
NVIC.DMA2_Stream0_IRQn=true\:0\:0\:false\:false\:true\:false\:true
Mcu.Pin8=PA0-WKUP
Mcu.Pin9=PA1
RCC.VCOSAIOutputFreq_Value=96000000
RCC.AHBFreq_Value=180000000
PH0-OSC_IN.Mode=HSE-External-Oscillator
PB5.GPIO_ModeDefaultPP=GPIO_MODE_AF_PP
Mcu.Pin0=PC13
Mcu.Pin1=PC14-OSC32_IN
TIM3.Channel-PWM\ Generation1\ CH1=TIM_CHANNEL_1
GPIO.groupedBy=Group By Peripherals
Mcu.Pin2=PC15-OSC32_OUT
Mcu.Pin3=PH0-OSC_IN
Mcu.Pin4=PH1-OSC_OUT
PA0-WKUP.GPIOParameters=GPIO_Label
Mcu.Pin5=PC0
ADC3.SamplingTime-1\#ChannelRegularConversion=ADC_SAMPLETIME_144CYCLES
RCC.HSE_VALUE=8000000
NVIC.DebugMonitor_IRQn=true\:0\:0\:false\:false\:true\:true\:false
PCC.Seq0.Step2.Average_Current=55 \u00B5A
Mcu.IP10=SYS
PCC.Seq0.Step0.DMIPS=225.0
Dma.UART4_TX.1.Mode=DMA_NORMAL
NVIC.SysTick_IRQn=true\:0\:0\:true\:false\:true\:true\:true
Mcu.IP12=TIM2
Dma.UART4_RX.0.MemDataAlignment=DMA_MDATAALIGN_BYTE
Mcu.IP11=TIM1
Mcu.IP14=UART4
Mcu.IP13=TIM3
Mcu.IP16=USART2
Mcu.IP15=UART5
PC14-OSC32_IN.Mode=LSE-External-Oscillator
RCC.VCOInputFreq_Value=1000000
Dma.UART5_TX.5.PeriphInc=DMA_PINC_DISABLE
PA14.Mode=Trace_Asynchronous_SW
TIM3.Prescaler=44
Dma.ADC3.8.MemInc=DMA_MINC_ENABLE
File.Version=6
PA10.GPIO_Label=TBEAM
PB3.GPIOParameters=GPIO_Label
PB8.Locked=true
Dma.UART5_RX.4.Mode=DMA_CIRCULAR
SH.S_TIM3_CH1.0=TIM3_CH1,PWM Generation1 CH1
Dma.ADC3.8.Priority=DMA_PRIORITY_LOW
Dma.RequestsNb=9
Dma.UART5_TX.5.MemInc=DMA_MINC_ENABLE
PB6.GPIOParameters=GPIO_PuPd,GPIO_Label,GPIO_ModeDefaultOutputPP
PCC.Seq0.Step4.Memory=n/a
ProjectManager.ProjectName=MCU.Unirecon.Ecliptar.Vcs
RCC.FLatency-AdvancedSettings=FLASH_LATENCY_5
NVIC.DMA1_Stream7_IRQn=true\:0\:0\:false\:false\:true\:false\:true
PA13.GPIOParameters=GPIO_Label
PH1-OSC_OUT.Mode=HSE-External-Oscillator
PCC.Seq0.Step0.Oscillator=HSE PLL
PA6.Signal=SPI1_MISO
PA7.Locked=true
Dma.ADC3.8.Direction=DMA_PERIPH_TO_MEMORY
USART2.VirtualMode=VM_ASYNC
Dma.ADC3.8.MemDataAlignment=DMA_MDATAALIGN_HALFWORD
Dma.UART4_TX.1.MemInc=DMA_MINC_ENABLE
ProjectManager.ToolChainLocation=
PA2.GPIO_Label=SERIAL_TX
RCC.LSI_VALUE=32000
PCC.Seq0.Step4.TaMax=104.99
Dma.UART4_TX.1.PeriphInc=DMA_PINC_DISABLE
UART5.IPParameters=VirtualMode
PCC.Checker=false
ADC3.ClockPrescaler=ADC_CLOCK_SYNC_PCLK_DIV6
PCC.Seq0.Step0.Duration=0.1 ms
PB5.GPIO_Label=RECTOR_SRV
TIM1.BreakState=TIM_BREAK_ENABLE
Dma.Request2=ADC1
Dma.Request1=UART4_TX
PCC.Seq0.Step2.Peripherals=
Dma.Request4=UART5_RX
PCC.Seq0.Step2.CPU_Frequency=0 Hz
Dma.Request3=ADC2
Dma.Request6=USART2_RX
Dma.Request5=UART5_TX
NVIC.DMA1_Stream0_IRQn=true\:0\:0\:false\:false\:true\:false\:true
PCC.Seq0.Step0.Peripherals=
PCC.Seq0.Step4.Peripherals=
Dma.Request8=ADC3
Dma.Request7=USART2_TX
RCC.SAIBFreq_Value=48000000
Dma.Request0=UART4_RX
SPI1.BaudRatePrescaler=SPI_BAUDRATEPRESCALER_32
PCC.Seq0.Step1.Mode=RUN
Dma.UART5_RX.4.RequestParameters=Instance,Direction,PeriphInc,MemInc,PeriphDataAlignment,MemDataAlignment,Mode,Priority,FIFOMode
VP_TIM3_VS_ClockSourceINT.Mode=Internal
PC14-OSC32_IN.Locked=true
PB4.Signal=S_TIM3_CH1
PCC.Seq0.Step2.DMIPS=0.0
PA3.Signal=USART2_RX
Dma.USART2_RX.6.PeriphDataAlignment=DMA_PDATAALIGN_BYTE
PCC.Seq0.Step1.CPU_Frequency=180 MHz
PCC.Seq0.Step1.Memory=RAM/FLASH/REGON/ART/PREFETCH
PA2.Locked=true
PB3.GPIO_Label=SWO
VP_RTC_VS_RTC_Activate.Signal=RTC_VS_RTC_Activate
ADC2.ClockPrescaler=ADC_CLOCK_SYNC_PCLK_DIV6
RCC.PLLSourceVirtual=RCC_PLLSOURCE_HSE
PCC.Seq0.Step2.Duration=0.9 ms
PC15-OSC32_OUT.Mode=LSE-External-Oscillator
Dma.UART5_TX.5.Mode=DMA_NORMAL
PCC.Seq0.Step3.Average_Current=46 mA
TIM1.OffStateIDLEMode=TIM_OSSI_ENABLE
PA7.Mode=Full_Duplex_Master
UART4.IPParameters=VirtualMode
PCC.Seq0.Step0.Average_Current=46 mA
PCC.Vdd=3.3
Dma.UART5_TX.5.PeriphDataAlignment=DMA_PDATAALIGN_BYTE
Dma.ADC3.8.Instance=DMA2_Stream1
ProjectManager.NoMain=false
SPI1.IPParameters=VirtualType,Mode,Direction,CalculateBaudRate,BaudRatePrescaler,CRCCalculation
PCC.Seq0.Step3.Frequency=4 MHz
Dma.ADC1.2.PeriphDataAlignment=DMA_PDATAALIGN_HALFWORD
RCC.FMPI2C1Freq_Value=45000000
RCC.RCC_TIM_PRescaler_Selection=RCC_TIMPRES_ACTIVATED
RCC.VCOI2SInputFreq_Value=500000
ProjectManager.DefaultFWLocation=true
Dma.UART5_TX.5.MemDataAlignment=DMA_MDATAALIGN_BYTE
PCC.Seq0.Step4.DMIPS=0.0
Dma.ADC2.3.FIFOMode=DMA_FIFOMODE_DISABLE
ProjectManager.DeletePrevious=false
Dma.ADC2.3.Instance=DMA2_Stream2
PB10.Locked=true
boardIOC=true
NVIC.USART2_IRQn=true\:0\:0\:false\:false\:true\:true\:true
RCC.FamilyName=M
PCC.Seq0.Step2.Frequency=0 Hz
Dma.ADC3.8.RequestParameters=Instance,Direction,PeriphInc,MemInc,PeriphDataAlignment,MemDataAlignment,Mode,Priority,FIFOMode
PCC.Seq0.Step4.Voltage_Source=Battery
PA0-WKUP.Locked=true
PC12.GPIOParameters=GPIO_Label
PA13.Signal=SYS_JTMS-SWDIO
PCC.Seq0.Step0.TaMax=98.02
ADC3.SamplingTime-0\#ChannelRegularConversion=ADC_SAMPLETIME_144CYCLES
SH.S_TIM1_CH1.0=TIM1_CH1,PWM Generation1 CH1
Dma.UART4_RX.0.Direction=DMA_PERIPH_TO_MEMORY
Dma.ADC3.8.FIFOMode=DMA_FIFOMODE_DISABLE
ProjectManager.TargetToolchain=STM32CubeIDE
PB10.GPIO_Label=MOTOR_PWR
NVIC.DMA1_Stream5_IRQn=true\:0\:0\:false\:false\:true\:false\:true
PCC.Seq0.Step1.User's_Consumption=0 mA
PCC.Seq0.Step0.Mode=RUN
PA10.GPIO_ModeDefaultOutputPP=GPIO_MODE_OUTPUT_PP
PB9.Mode=I2C
PB2.GPIOParameters=GPIO_Label
ADC1.Channel-1\#ChannelRegularConversion=ADC_CHANNEL_10
RCC.I2S1Freq_Value=48000000
ProjectManager.RegisterCallBack=
RCC.USBFreq_Value=180000000
VP_TIM3_VS_ClockSourceINT.Signal=TIM3_VS_ClockSourceINT
RCC.PLLSAIoutputFreq_Value=48000000
PC15-OSC32_OUT.Signal=RCC_OSC32_OUT
PB14.GPIO_ModeDefaultOutputPP=GPIO_MODE_OUTPUT_PP
Dma.USART2_TX.7.Mode=DMA_NORMAL
PA1.Signal=UART4_RX
PB1.Locked=true
Dma.UART5_RX.4.PeriphInc=DMA_PINC_DISABLE
SH.S_TIM1_CH2.ConfNb=1
RCC.VCOI2SOutputFreq_Value=96000000
PD2.Mode=Asynchronous
SH.S_TIM3_CH2.0=TIM3_CH2,PWM Generation2 CH2
PB4.GPIO_ModeDefaultPP=GPIO_MODE_AF_PP
RCC.PLLSAIPCLKFreq_Value=48000000
board=NUCLEO-F446RE
PCC.Temperature=25
RCC.VCOOutputFreq_Value=360000000
Dma.UART4_RX.0.Priority=DMA_PRIORITY_LOW
PCC.Seq0.Step3.Mode=RUN
PB4.GPIO_Speed=GPIO_SPEED_FREQ_MEDIUM
RCC.APB2Freq_Value=90000000
PCC.Seq0.Step0.Frequency=4 MHz
SH.ADCx_IN11.1=ADC3_IN11,IN11
SH.ADCx_IN11.0=ADC2_IN11,IN11
MxCube.Version=6.2.0
SH.S_TIM1_CH2.0=TIM1_CH2,PWM Generation2 CH2
VP_TIM2_VS_ClockSourceINT.Mode=Internal
SH.S_TIM2_CH3.0=TIM2_CH3,PWM Generation3 CH3
PC13.GPIOParameters=GPIO_Label,GPIO_ModeDefaultEXTI
Dma.ADC2.3.Mode=DMA_CIRCULAR
SH.ADCx_IN10.ConfNb=2
PC1.GPIO_Label=RECTOR_HS
PA10.GPIOParameters=GPIO_PuPd,GPIO_Label,GPIO_ModeDefaultOutputPP
VP_SYS_VS_Systick.Mode=SysTick
TIM2.Channel-PWM\ Generation3\ CH3=TIM_CHANNEL_3
PH1-OSC_OUT.Signal=RCC_OSC_OUT
Dma.UART4_RX.0.RequestParameters=Instance,Direction,PeriphInc,MemInc,PeriphDataAlignment,MemDataAlignment,Mode,Priority,FIFOMode
Dma.UART5_RX.4.Instance=DMA1_Stream0
TIM1.OffStateRunMode=TIM_OSSR_DISABLE
Dma.ADC3.8.PeriphInc=DMA_PINC_DISABLE
Dma.ADC2.3.MemInc=DMA_MINC_ENABLE
TIM1.BreakPolarity=TIM_BREAKPOLARITY_LOW
PCC.Seq0.Step4.Category=In DS Table
RCC.IPParameters=48MHZClocksFreq_Value,AHBFreq_Value,APB1CLKDivider,APB1Freq_Value,APB1TimFreq_Value,APB2CLKDivider,APB2Freq_Value,APB2TimFreq_Value,CECFreq_Value,CortexFreq_Value,EthernetFreq_Value,FCLKCortexFreq_Value,FLatency-AdvancedSettings,FMPI2C1Freq_Value,FamilyName,HCLKFreq_Value,HSE_Timout,HSE_VALUE,HSI_VALUE,I2S1Freq_Value,I2S2Freq_Value,I2SClocksFreq_Value,LSI_VALUE,MCO2PinFreq_Value,PLLCLKFreq_Value,PLLI2SPCLKFreq_Value,PLLI2SQCLKFreq_Value,PLLI2SRCLKFreq_Value,PLLI2SoutputFreq_Value,PLLM,PLLN,PLLQCLKFreq_Value,PLLRCLKFreq_Value,PLLSAIPCLKFreq_Value,PLLSAIQCLKFreq_Value,PLLSAIoutputFreq_Value,PLLSourceVirtual,PWRFreq_Value,RCC_RTC_Clock_SourceVirtual,RCC_TIM_PRescaler_Selection,RTCFreq_Value,RTCHSEDivFreq_Value,SAIAFreq_Value,SAIBFreq_Value,SDIOFreq_Value,SPDIFRXFreq_Value,SYSCLKFreq_VALUE,SYSCLKSource,USBFreq_Value,VCOI2SInputFreq_Value,VCOI2SOutputFreq_Value,VCOInputFreq_Value,VCOInputMFreq_Value,VCOOutputFreq_Value,VCOSAIInputFreq_Value,VCOSAIOutputFreq_Value,VcooutputI2S
ProjectManager.AskForMigrate=true
Mcu.Name=STM32F446R(C-E)Tx
PA13.GPIO_Label=TMS
PA2.Signal=USART2_TX
PB2.Locked=true
Mcu.IP8=RTC
Mcu.IP9=SPI1
Mcu.IP6=NVIC
Mcu.IP7=RCC
RCC.VCOSAIInputFreq_Value=500000
ProjectManager.CoupleFile=true
RCC.48MHZClocksFreq_Value=84000000
PCC.Seq0.Step0.Memory=RAM/FLASH/REGON/ART/PREFETCH
PB3.Signal=SYS_JTDO-SWO
RCC.SYSCLKFreq_VALUE=180000000
Dma.ADC1.2.Priority=DMA_PRIORITY_LOW
Dma.UART5_RX.4.PeriphDataAlignment=DMA_PDATAALIGN_BYTE
PA7.GPIO_Label=SD_MOSI
PA1.Locked=true
Dma.ADC1.2.PeriphInc=DMA_PINC_DISABLE
KeepUserPlacement=false
PC13.GPIO_ModeDefaultEXTI=GPIO_MODE_IT_FALLING
Dma.UART5_RX.4.FIFOMode=DMA_FIFOMODE_DISABLE
PA13.Locked=true
SH.ADCx_IN10.1=ADC3_IN10,IN10
PA14.Signal=SYS_JTCK-SWCLK
SH.ADCx_IN10.0=ADC1_IN10,IN10
PB2.GPIO_Label=TSONIC_ECHO
Dma.UART4_TX.1.Priority=DMA_PRIORITY_LOW
RCC.HSI_VALUE=16000000
PCC.Seq0.Step1.Frequency=4 MHz
Dma.USART2_RX.6.Priority=DMA_PRIORITY_LOW
ADC1.NbrOfConversionFlag=1
RCC.PLLM=8
RCC.PLLN=360
ADC2.Rank-1\#ChannelRegularConversion=1
PCC.Seq0.Step1.Peripherals=ADC1 GPIOA GPIOB GPIOC GPIOD GPIOH I2C1 SPI1 SYS TIM1 TIM2 TIM3 UART5 USART2 USART3
PA2.Mode=Asynchronous
PA9.GPIO_Speed=GPIO_SPEED_FREQ_MEDIUM
PB8.Signal=I2C1_SCL
PCC.Seq0.Step0.Vdd=3.3
Dma.ADC2.3.RequestParameters=Instance,Direction,PeriphInc,MemInc,PeriphDataAlignment,MemDataAlignment,Mode,Priority,FIFOMode
RCC.APB1Freq_Value=45000000
ADC3.NbrOfConversionFlag=1
VP_CRC_VS_CRC.Mode=CRC_Activate
ADC1.ClockPrescaler=ADC_CLOCK_SYNC_PCLK_DIV6
Dma.UART5_TX.5.Direction=DMA_MEMORY_TO_PERIPH
ProjectManager.DeviceId=STM32F446RETx
ProjectManager.LibraryCopy=1
PA3.GPIO_Label=SERIAL_RX
PB1.GPIOParameters=GPIO_PuPd,GPIO_Label,GPIO_ModeDefaultOutputPP
PA7.Signal=SPI1_MOSI
PA6.Locked=true
isbadioc=false
